
Microsoft Visual Studio Solution File, Format Version 12.00
# Visual Studio Version 16
VisualStudioVersion = 16.0.31702.278
MinimumVisualStudioVersion = 10.0.40219.1
Project("{FAE04EC0-301F-11D3-BF4B-00C04F79EFBC}") = "Subnetting", "Subnetting\Subnetting.csproj", "{B0C47CBB-D0AA-4202-8FD7-B7A049864DCF}"
EndProject
Global
	GlobalSection(SolutionConfigurationPlatforms) = preSolution
		Debug|Any CPU = Debug|Any CPU
		Release|Any CPU = Release|Any CPU
	EndGlobalSection
	GlobalSection(ProjectConfigurationPlatforms) = postSolution
		{B0C47CBB-D0AA-4202-8FD7-B7A049864DCF}.Debug|Any CPU.ActiveCfg = Debug|Any CPU
		{B0C47CBB-D0AA-4202-8FD7-B7A049864DCF}.Debug|Any CPU.Build.0 = Debug|Any CPU
		{B0C47CBB-D0AA-4202-8FD7-B7A049864DCF}.Release|Any CPU.ActiveCfg = Release|Any CPU
		{B0C47CBB-D0AA-4202-8FD7-B7A049864DCF}.Release|Any CPU.Build.0 = Release|Any CPU
	EndGlobalSection
	GlobalSection(SolutionProperties) = preSolution
		HideSolutionNode = FALSE
	EndGlobalSection
	GlobalSection(ExtensibilityGlobals) = postSolution
		SolutionGuid = {596AAF94-4F20-41C1-999B-D659B37BFB2B}
	EndGlobalSection
EndGlobal
